
Microsoft Visual Studio Solution File, Format Version 12.00
# Visual Studio Version 17
VisualStudioVersion = 17.0.31815.197
MinimumVisualStudioVersion = 10.0.40219.1
Project("{2150E333-8FDC-42A3-9474-1A3956D46DE8}") = "Solution Items", "Solution Items", "{42828158-429B-4BF2-8116-E799DDC3E38C}"
	ProjectSection(SolutionItems) = preProject
		Packages.props = Packages.props
	EndProjectSection
EndProject
Project("{9A19103F-16F7-4668-BE54-9A1E7A4F7556}") = "ODataRoutingSample", "ODataRoutingSample\ODataRoutingSample.csproj", "{8E2F3E00-5D93-49C4-B303-2DC59C4EB0A8}"
EndProject
Global
	GlobalSection(SolutionConfigurationPlatforms) = preSolution
		Debug|Any CPU = Debug|Any CPU
		Release|Any CPU = Release|Any CPU
	EndGlobalSection
	GlobalSection(ProjectConfigurationPlatforms) = postSolution
		{8E2F3E00-5D93-49C4-B303-2DC59C4EB0A8}.Debug|Any CPU.ActiveCfg = Debug|Any CPU
		{8E2F3E00-5D93-49C4-B303-2DC59C4EB0A8}.Debug|Any CPU.Build.0 = Debug|Any CPU
		{8E2F3E00-5D93-49C4-B303-2DC59C4EB0A8}.Release|Any CPU.ActiveCfg = Release|Any CPU
		{8E2F3E00-5D93-49C4-B303-2DC59C4EB0A8}.Release|Any CPU.Build.0 = Release|Any CPU
	EndGlobalSection
	GlobalSection(SolutionProperties) = preSolution
		HideSolutionNode = FALSE
	EndGlobalSection
	GlobalSection(ExtensibilityGlobals) = postSolution
		SolutionGuid = {540C9752-AAC0-49EA-BA60-78490C90FF86}
	EndGlobalSection
EndGlobal
